// !$*UTF8*$!
{
	archiveVersion = 1;
	classes = {
	};
	objectVersion = 46;
	objects = {

/* Begin PBXBuildFile section */
		421BFC3B1E85DBF50009A5E9 /* OPRequestService.h in Headers */ = {isa = PBXBuildFile; fileRef = 421BFC391E85DBF50009A5E9 /* OPRequestService.h */; settings = {ATTRIBUTES = (Public, ); }; };
		421BFC3E1E85DBF50009A5E9 /* OPRequestService.framework in Frameworks */ = {isa = PBXBuildFile; fileRef = 421BFC371E85DBF50009A5E9 /* OPRequestService.framework */; };
		421BFC3F1E85DBF50009A5E9 /* OPRequestService.framework in Embed Frameworks */ = {isa = PBXBuildFile; fileRef = 421BFC371E85DBF50009A5E9 /* OPRequestService.framework */; settings = {ATTRIBUTES = (CodeSignOnCopy, RemoveHeadersOnCopy, ); }; };
		421BFC4F1E85DC170009A5E9 /* OPRequestService.framework in Frameworks */ = {isa = PBXBuildFile; fileRef = 421BFC481E85DC170009A5E9 /* OPRequestService.framework */; };
		421BFC501E85DC170009A5E9 /* OPRequestService.framework in Embed Frameworks */ = {isa = PBXBuildFile; fileRef = 421BFC481E85DC170009A5E9 /* OPRequestService.framework */; settings = {ATTRIBUTES = (CodeSignOnCopy, RemoveHeadersOnCopy, ); }; };
		421BFC541E85DCB20009A5E9 /* OPRequestManager.swift in Sources */ = {isa = PBXBuildFile; fileRef = 426CAB8E1E840C1700D06A13 /* OPRequestManager.swift */; };
		421BFC551E85DCB30009A5E9 /* OPRequestManager.swift in Sources */ = {isa = PBXBuildFile; fileRef = 426CAB8E1E840C1700D06A13 /* OPRequestManager.swift */; };
		421BFC561E85DCB90009A5E9 /* OPEvent.swift in Sources */ = {isa = PBXBuildFile; fileRef = 426CAB911E84111A00D06A13 /* OPEvent.swift */; };
		421BFC571E85DCB90009A5E9 /* OPEvent.swift in Sources */ = {isa = PBXBuildFile; fileRef = 426CAB911E84111A00D06A13 /* OPEvent.swift */; };
		421BFC581E85DE540009A5E9 /* OPRequestService.h in Headers */ = {isa = PBXBuildFile; fileRef = 421BFC391E85DBF50009A5E9 /* OPRequestService.h */; settings = {ATTRIBUTES = (Public, ); }; };
		421BFC591E85E1DD0009A5E9 /* DateExtensions.swift in Sources */ = {isa = PBXBuildFile; fileRef = 426CAB941E84208600D06A13 /* DateExtensions.swift */; };
		421BFC5A1E85E1DD0009A5E9 /* DateExtensions.swift in Sources */ = {isa = PBXBuildFile; fileRef = 426CAB941E84208600D06A13 /* DateExtensions.swift */; };
		421BFC5E1E85E3950009A5E9 /* Secrets.swift in Sources */ = {isa = PBXBuildFile; fileRef = 421BFC5D1E85E3950009A5E9 /* Secrets.swift */; };
		421BFC5F1E85E3950009A5E9 /* Secrets.swift in Sources */ = {isa = PBXBuildFile; fileRef = 421BFC5D1E85E3950009A5E9 /* Secrets.swift */; };
		426B68961EAA8A6400CE3BE3 /* ReusableView.swift in Sources */ = {isa = PBXBuildFile; fileRef = 426B68951EAA8A6400CE3BE3 /* ReusableView.swift */; };
		426B68981EAA8AB500CE3BE3 /* NibLoadableView.swift in Sources */ = {isa = PBXBuildFile; fileRef = 426B68971EAA8AB500CE3BE3 /* NibLoadableView.swift */; };
		426B689B1EAA8B4100CE3BE3 /* UITableViewExtension.swift in Sources */ = {isa = PBXBuildFile; fileRef = 426B689A1EAA8B4100CE3BE3 /* UITableViewExtension.swift */; };
		426CAB441E83418400D06A13 /* AppDelegate.swift in Sources */ = {isa = PBXBuildFile; fileRef = 426CAB431E83418400D06A13 /* AppDelegate.swift */; };
		426CAB491E83418400D06A13 /* Main.storyboard in Resources */ = {isa = PBXBuildFile; fileRef = 426CAB471E83418400D06A13 /* Main.storyboard */; };
		426CAB4B1E83418400D06A13 /* Assets.xcassets in Resources */ = {isa = PBXBuildFile; fileRef = 426CAB4A1E83418400D06A13 /* Assets.xcassets */; };
		426CAB4E1E83418500D06A13 /* LaunchScreen.storyboard in Resources */ = {isa = PBXBuildFile; fileRef = 426CAB4C1E83418500D06A13 /* LaunchScreen.storyboard */; };
		426CAB6D1E840B1400D06A13 /* Interface.storyboard in Resources */ = {isa = PBXBuildFile; fileRef = 426CAB6B1E840B1400D06A13 /* Interface.storyboard */; };
		426CAB6F1E840B1400D06A13 /* Assets.xcassets in Resources */ = {isa = PBXBuildFile; fileRef = 426CAB6E1E840B1400D06A13 /* Assets.xcassets */; };
		426CAB761E840B1400D06A13 /* OrlandoParkingWatch Extension.appex in Embed App Extensions */ = {isa = PBXBuildFile; fileRef = 426CAB751E840B1400D06A13 /* OrlandoParkingWatch Extension.appex */; settings = {ATTRIBUTES = (RemoveHeadersOnCopy, ); }; };
		426CAB7B1E840B1400D06A13 /* InterfaceController.swift in Sources */ = {isa = PBXBuildFile; fileRef = 426CAB7A1E840B1400D06A13 /* InterfaceController.swift */; };
		426CAB7D1E840B1400D06A13 /* ExtensionDelegate.swift in Sources */ = {isa = PBXBuildFile; fileRef = 426CAB7C1E840B1400D06A13 /* ExtensionDelegate.swift */; };
		426CAB7F1E840B1400D06A13 /* ComplicationController.swift in Sources */ = {isa = PBXBuildFile; fileRef = 426CAB7E1E840B1400D06A13 /* ComplicationController.swift */; };
		426CAB811E840B1400D06A13 /* Assets.xcassets in Resources */ = {isa = PBXBuildFile; fileRef = 426CAB801E840B1400D06A13 /* Assets.xcassets */; };
		426CAB851E840B1400D06A13 /* OrlandoParkingWatch.app in Embed Watch Content */ = {isa = PBXBuildFile; fileRef = 426CAB691E840B1400D06A13 /* OrlandoParkingWatch.app */; };
		426CAB991E8427D900D06A13 /* EventRowController.swift in Sources */ = {isa = PBXBuildFile; fileRef = 426CAB981E8427D900D06A13 /* EventRowController.swift */; };
		42FD65801EA8199D0084CA4B /* MainViewController.swift in Sources */ = {isa = PBXBuildFile; fileRef = 42FD657F1EA8199D0084CA4B /* MainViewController.swift */; };
		42FD65831EA81BB70084CA4B /* EventCell.swift in Sources */ = {isa = PBXBuildFile; fileRef = 42FD65811EA81BB70084CA4B /* EventCell.swift */; };
		42FD65841EA81BB70084CA4B /* EventCell.xib in Resources */ = {isa = PBXBuildFile; fileRef = 42FD65821EA81BB70084CA4B /* EventCell.xib */; };
		89557132C75BE1F181981D75 /* Pods_OPRequestService_Watch.framework in Frameworks */ = {isa = PBXBuildFile; fileRef = 32C6BB56CDC76F243F455CE8 /* Pods_OPRequestService_Watch.framework */; };
		8E833D98D31071CDED5140F1 /* Pods_OrlandoParkingWatch_Extension.framework in Frameworks */ = {isa = PBXBuildFile; fileRef = C39A7126456EB5AC213C8B24 /* Pods_OrlandoParkingWatch_Extension.framework */; };
		A77F221FD2BBA5C539591D5F /* Pods_OrlandoParking.framework in Frameworks */ = {isa = PBXBuildFile; fileRef = BA920D38B51FA28F881D33AA /* Pods_OrlandoParking.framework */; };
		F6AB8E11E900F68793076BB0 /* Pods_OPRequestService.framework in Frameworks */ = {isa = PBXBuildFile; fileRef = 8F80D7A3E6F28D7BEF59C21D /* Pods_OPRequestService.framework */; };
/* End PBXBuildFile section */

/* Begin PBXContainerItemProxy section */
		421BFC3C1E85DBF50009A5E9 /* PBXContainerItemProxy */ = {
			isa = PBXContainerItemProxy;
			containerPortal = 426CAB381E83418400D06A13 /* Project object */;
			proxyType = 1;
			remoteGlobalIDString = 421BFC361E85DBF50009A5E9;
			remoteInfo = OPRequestService;
		};
		421BFC4D1E85DC170009A5E9 /* PBXContainerItemProxy */ = {
			isa = PBXContainerItemProxy;
			containerPortal = 426CAB381E83418400D06A13 /* Project object */;
			proxyType = 1;
			remoteGlobalIDString = 421BFC471E85DC170009A5E9;
			remoteInfo = "OPRequestService Watch";
		};
		426CAB771E840B1400D06A13 /* PBXContainerItemProxy */ = {
			isa = PBXContainerItemProxy;
			containerPortal = 426CAB381E83418400D06A13 /* Project object */;
			proxyType = 1;
			remoteGlobalIDString = 426CAB741E840B1400D06A13;
			remoteInfo = "OrlandoParkingWatch Extension";
		};
		426CAB831E840B1400D06A13 /* PBXContainerItemProxy */ = {
			isa = PBXContainerItemProxy;
			containerPortal = 426CAB381E83418400D06A13 /* Project object */;
			proxyType = 1;
			remoteGlobalIDString = 426CAB681E840B1400D06A13;
			remoteInfo = OrlandoParkingWatch;
		};
/* End PBXContainerItemProxy section */

/* Begin PBXCopyFilesBuildPhase section */
		426CAB661E840ADC00D06A13 /* Embed Frameworks */ = {
			isa = PBXCopyFilesBuildPhase;
			buildActionMask = 2147483647;
			dstPath = "";
			dstSubfolderSpec = 10;
			files = (
				421BFC3F1E85DBF50009A5E9 /* OPRequestService.framework in Embed Frameworks */,
			);
			name = "Embed Frameworks";
			runOnlyForDeploymentPostprocessing = 0;
		};
		426CAB891E840B1400D06A13 /* Embed App Extensions */ = {
			isa = PBXCopyFilesBuildPhase;
			buildActionMask = 2147483647;
			dstPath = "";
			dstSubfolderSpec = 13;
			files = (
				426CAB761E840B1400D06A13 /* OrlandoParkingWatch Extension.appex in Embed App Extensions */,
			);
			name = "Embed App Extensions";
			runOnlyForDeploymentPostprocessing = 0;
		};
		426CAB8D1E840B1400D06A13 /* Embed Watch Content */ = {
			isa = PBXCopyFilesBuildPhase;
			buildActionMask = 2147483647;
			dstPath = "$(CONTENTS_FOLDER_PATH)/Watch";
			dstSubfolderSpec = 16;
			files = (
				426CAB851E840B1400D06A13 /* OrlandoParkingWatch.app in Embed Watch Content */,
			);
			name = "Embed Watch Content";
			runOnlyForDeploymentPostprocessing = 0;
		};
		426CABD21E844AE600D06A13 /* Embed Frameworks */ = {
			isa = PBXCopyFilesBuildPhase;
			buildActionMask = 2147483647;
			dstPath = "";
			dstSubfolderSpec = 10;
			files = (
				421BFC501E85DC170009A5E9 /* OPRequestService.framework in Embed Frameworks */,
			);
			name = "Embed Frameworks";
			runOnlyForDeploymentPostprocessing = 0;
		};
/* End PBXCopyFilesBuildPhase section */

/* Begin PBXFileReference section */
		030D0E6C70E8535044A6210F /* Pods-OPRequestService Watch.debug.xcconfig */ = {isa = PBXFileReference; includeInIndex = 1; lastKnownFileType = text.xcconfig; name = "Pods-OPRequestService Watch.debug.xcconfig"; path = "Pods/Target Support Files/Pods-OPRequestService Watch/Pods-OPRequestService Watch.debug.xcconfig"; sourceTree = "<group>"; };
		283306A2785DA62EEACF0B6B /* Pods-OrlandoParking.debug.xcconfig */ = {isa = PBXFileReference; includeInIndex = 1; lastKnownFileType = text.xcconfig; name = "Pods-OrlandoParking.debug.xcconfig"; path = "Pods/Target Support Files/Pods-OrlandoParking/Pods-OrlandoParking.debug.xcconfig"; sourceTree = "<group>"; };
		2DA013E0CB03A96EEAC5E334 /* Pods-OrlandoParkingWatch Extension.debug.xcconfig */ = {isa = PBXFileReference; includeInIndex = 1; lastKnownFileType = text.xcconfig; name = "Pods-OrlandoParkingWatch Extension.debug.xcconfig"; path = "Pods/Target Support Files/Pods-OrlandoParkingWatch Extension/Pods-OrlandoParkingWatch Extension.debug.xcconfig"; sourceTree = "<group>"; };
		32C6BB56CDC76F243F455CE8 /* Pods_OPRequestService_Watch.framework */ = {isa = PBXFileReference; explicitFileType = wrapper.framework; includeInIndex = 0; path = Pods_OPRequestService_Watch.framework; sourceTree = BUILT_PRODUCTS_DIR; };
		421BFC371E85DBF50009A5E9 /* OPRequestService.framework */ = {isa = PBXFileReference; explicitFileType = wrapper.framework; includeInIndex = 0; path = OPRequestService.framework; sourceTree = BUILT_PRODUCTS_DIR; };
		421BFC391E85DBF50009A5E9 /* OPRequestService.h */ = {isa = PBXFileReference; lastKnownFileType = sourcecode.c.h; path = OPRequestService.h; sourceTree = "<group>"; };
		421BFC3A1E85DBF50009A5E9 /* Info.plist */ = {isa = PBXFileReference; lastKnownFileType = text.plist.xml; path = Info.plist; sourceTree = "<group>"; };
		421BFC481E85DC170009A5E9 /* OPRequestService.framework */ = {isa = PBXFileReference; explicitFileType = wrapper.framework; includeInIndex = 0; path = OPRequestService.framework; sourceTree = BUILT_PRODUCTS_DIR; };
		421BFC5D1E85E3950009A5E9 /* Secrets.swift */ = {isa = PBXFileReference; fileEncoding = 4; lastKnownFileType = sourcecode.swift; path = Secrets.swift; sourceTree = "<group>"; };
		426B68951EAA8A6400CE3BE3 /* ReusableView.swift */ = {isa = PBXFileReference; fileEncoding = 4; lastKnownFileType = sourcecode.swift; name = ReusableView.swift; path = Views/ReusableView.swift; sourceTree = "<group>"; };
		426B68971EAA8AB500CE3BE3 /* NibLoadableView.swift */ = {isa = PBXFileReference; fileEncoding = 4; lastKnownFileType = sourcecode.swift; name = NibLoadableView.swift; path = Views/NibLoadableView.swift; sourceTree = "<group>"; };
		426B689A1EAA8B4100CE3BE3 /* UITableViewExtension.swift */ = {isa = PBXFileReference; fileEncoding = 4; lastKnownFileType = sourcecode.swift; name = UITableViewExtension.swift; path = Extensions/UITableViewExtension.swift; sourceTree = "<group>"; };
		426CAB401E83418400D06A13 /* OrlandoParking.app */ = {isa = PBXFileReference; explicitFileType = wrapper.application; includeInIndex = 0; path = OrlandoParking.app; sourceTree = BUILT_PRODUCTS_DIR; };
		426CAB431E83418400D06A13 /* AppDelegate.swift */ = {isa = PBXFileReference; lastKnownFileType = sourcecode.swift; path = AppDelegate.swift; sourceTree = "<group>"; };
		426CAB481E83418400D06A13 /* Base */ = {isa = PBXFileReference; lastKnownFileType = file.storyboard; name = Base; path = Base.lproj/Main.storyboard; sourceTree = "<group>"; };
		426CAB4A1E83418400D06A13 /* Assets.xcassets */ = {isa = PBXFileReference; lastKnownFileType = folder.assetcatalog; path = Assets.xcassets; sourceTree = "<group>"; };
		426CAB4D1E83418500D06A13 /* Base */ = {isa = PBXFileReference; lastKnownFileType = file.storyboard; name = Base; path = Base.lproj/LaunchScreen.storyboard; sourceTree = "<group>"; };
		426CAB4F1E83418500D06A13 /* Info.plist */ = {isa = PBXFileReference; lastKnownFileType = text.plist.xml; path = Info.plist; sourceTree = "<group>"; };
		426CAB691E840B1400D06A13 /* OrlandoParkingWatch.app */ = {isa = PBXFileReference; explicitFileType = wrapper.application; includeInIndex = 0; path = OrlandoParkingWatch.app; sourceTree = BUILT_PRODUCTS_DIR; };
		426CAB6C1E840B1400D06A13 /* Base */ = {isa = PBXFileReference; lastKnownFileType = file.storyboard; name = Base; path = Base.lproj/Interface.storyboard; sourceTree = "<group>"; };
		426CAB6E1E840B1400D06A13 /* Assets.xcassets */ = {isa = PBXFileReference; lastKnownFileType = folder.assetcatalog; path = Assets.xcassets; sourceTree = "<group>"; };
		426CAB701E840B1400D06A13 /* Info.plist */ = {isa = PBXFileReference; lastKnownFileType = text.plist.xml; path = Info.plist; sourceTree = "<group>"; };
		426CAB751E840B1400D06A13 /* OrlandoParkingWatch Extension.appex */ = {isa = PBXFileReference; explicitFileType = "wrapper.app-extension"; includeInIndex = 0; path = "OrlandoParkingWatch Extension.appex"; sourceTree = BUILT_PRODUCTS_DIR; };
		426CAB7A1E840B1400D06A13 /* InterfaceController.swift */ = {isa = PBXFileReference; lastKnownFileType = sourcecode.swift; path = InterfaceController.swift; sourceTree = "<group>"; };
		426CAB7C1E840B1400D06A13 /* ExtensionDelegate.swift */ = {isa = PBXFileReference; lastKnownFileType = sourcecode.swift; path = ExtensionDelegate.swift; sourceTree = "<group>"; };
		426CAB7E1E840B1400D06A13 /* ComplicationController.swift */ = {isa = PBXFileReference; lastKnownFileType = sourcecode.swift; path = ComplicationController.swift; sourceTree = "<group>"; };
		426CAB801E840B1400D06A13 /* Assets.xcassets */ = {isa = PBXFileReference; lastKnownFileType = folder.assetcatalog; path = Assets.xcassets; sourceTree = "<group>"; };
		426CAB821E840B1400D06A13 /* Info.plist */ = {isa = PBXFileReference; lastKnownFileType = text.plist.xml; path = Info.plist; sourceTree = "<group>"; };
		426CAB8E1E840C1700D06A13 /* OPRequestManager.swift */ = {isa = PBXFileReference; fileEncoding = 4; lastKnownFileType = sourcecode.swift; path = OPRequestManager.swift; sourceTree = "<group>"; };
		426CAB911E84111A00D06A13 /* OPEvent.swift */ = {isa = PBXFileReference; fileEncoding = 4; lastKnownFileType = sourcecode.swift; name = OPEvent.swift; path = Model/OPEvent.swift; sourceTree = "<group>"; };
		426CAB941E84208600D06A13 /* DateExtensions.swift */ = {isa = PBXFileReference; fileEncoding = 4; lastKnownFileType = sourcecode.swift; name = DateExtensions.swift; path = Extensions/DateExtensions.swift; sourceTree = "<group>"; };
		426CAB981E8427D900D06A13 /* EventRowController.swift */ = {isa = PBXFileReference; fileEncoding = 4; lastKnownFileType = sourcecode.swift; path = EventRowController.swift; sourceTree = "<group>"; };
		42FD657F1EA8199D0084CA4B /* MainViewController.swift */ = {isa = PBXFileReference; fileEncoding = 4; lastKnownFileType = sourcecode.swift; name = MainViewController.swift; path = Controllers/MainViewController.swift; sourceTree = "<group>"; };
		42FD65811EA81BB70084CA4B /* EventCell.swift */ = {isa = PBXFileReference; fileEncoding = 4; lastKnownFileType = sourcecode.swift; name = EventCell.swift; path = Views/EventCell.swift; sourceTree = "<group>"; };
		42FD65821EA81BB70084CA4B /* EventCell.xib */ = {isa = PBXFileReference; fileEncoding = 4; lastKnownFileType = file.xib; name = EventCell.xib; path = Views/EventCell.xib; sourceTree = "<group>"; };
		8BD6147DBA4BE6AC4C9B4A03 /* Pods-OrlandoParking.release.xcconfig */ = {isa = PBXFileReference; includeInIndex = 1; lastKnownFileType = text.xcconfig; name = "Pods-OrlandoParking.release.xcconfig"; path = "Pods/Target Support Files/Pods-OrlandoParking/Pods-OrlandoParking.release.xcconfig"; sourceTree = "<group>"; };
		8F80D7A3E6F28D7BEF59C21D /* Pods_OPRequestService.framework */ = {isa = PBXFileReference; explicitFileType = wrapper.framework; includeInIndex = 0; path = Pods_OPRequestService.framework; sourceTree = BUILT_PRODUCTS_DIR; };
		BA920D38B51FA28F881D33AA /* Pods_OrlandoParking.framework */ = {isa = PBXFileReference; explicitFileType = wrapper.framework; includeInIndex = 0; path = Pods_OrlandoParking.framework; sourceTree = BUILT_PRODUCTS_DIR; };
		BEADB654A25CE7A2B5A0AB16 /* Pods-OPRequestService Watch.release.xcconfig */ = {isa = PBXFileReference; includeInIndex = 1; lastKnownFileType = text.xcconfig; name = "Pods-OPRequestService Watch.release.xcconfig"; path = "Pods/Target Support Files/Pods-OPRequestService Watch/Pods-OPRequestService Watch.release.xcconfig"; sourceTree = "<group>"; };
		C39A7126456EB5AC213C8B24 /* Pods_OrlandoParkingWatch_Extension.framework */ = {isa = PBXFileReference; explicitFileType = wrapper.framework; includeInIndex = 0; path = Pods_OrlandoParkingWatch_Extension.framework; sourceTree = BUILT_PRODUCTS_DIR; };
		D4F702DDEE18F7D13CC2FA8A /* Pods-OrlandoParkingWatch Extension.release.xcconfig */ = {isa = PBXFileReference; includeInIndex = 1; lastKnownFileType = text.xcconfig; name = "Pods-OrlandoParkingWatch Extension.release.xcconfig"; path = "Pods/Target Support Files/Pods-OrlandoParkingWatch Extension/Pods-OrlandoParkingWatch Extension.release.xcconfig"; sourceTree = "<group>"; };
		E18FE24EC3720A748D2775E1 /* Pods-OPRequestService.release.xcconfig */ = {isa = PBXFileReference; includeInIndex = 1; lastKnownFileType = text.xcconfig; name = "Pods-OPRequestService.release.xcconfig"; path = "Pods/Target Support Files/Pods-OPRequestService/Pods-OPRequestService.release.xcconfig"; sourceTree = "<group>"; };
		EB38ED26FF71A4BC2DBDAAEB /* Pods-OPRequestService.debug.xcconfig */ = {isa = PBXFileReference; includeInIndex = 1; lastKnownFileType = text.xcconfig; name = "Pods-OPRequestService.debug.xcconfig"; path = "Pods/Target Support Files/Pods-OPRequestService/Pods-OPRequestService.debug.xcconfig"; sourceTree = "<group>"; };
/* End PBXFileReference section */

/* Begin PBXFrameworksBuildPhase section */
		421BFC331E85DBF50009A5E9 /* Frameworks */ = {
			isa = PBXFrameworksBuildPhase;
			buildActionMask = 2147483647;
			files = (
				F6AB8E11E900F68793076BB0 /* Pods_OPRequestService.framework in Frameworks */,
			);
			runOnlyForDeploymentPostprocessing = 0;
		};
		421BFC441E85DC170009A5E9 /* Frameworks */ = {
			isa = PBXFrameworksBuildPhase;
			buildActionMask = 2147483647;
			files = (
				89557132C75BE1F181981D75 /* Pods_OPRequestService_Watch.framework in Frameworks */,
			);
			runOnlyForDeploymentPostprocessing = 0;
		};
		426CAB3D1E83418400D06A13 /* Frameworks */ = {
			isa = PBXFrameworksBuildPhase;
			buildActionMask = 2147483647;
			files = (
				421BFC3E1E85DBF50009A5E9 /* OPRequestService.framework in Frameworks */,
				A77F221FD2BBA5C539591D5F /* Pods_OrlandoParking.framework in Frameworks */,
			);
			runOnlyForDeploymentPostprocessing = 0;
		};
		426CAB721E840B1400D06A13 /* Frameworks */ = {
			isa = PBXFrameworksBuildPhase;
			buildActionMask = 2147483647;
			files = (
				421BFC4F1E85DC170009A5E9 /* OPRequestService.framework in Frameworks */,
				8E833D98D31071CDED5140F1 /* Pods_OrlandoParkingWatch_Extension.framework in Frameworks */,
			);
			runOnlyForDeploymentPostprocessing = 0;
		};
		9C67C1629087DB6B657C6539 /* Frameworks */ = {
			isa = PBXFrameworksBuildPhase;
			buildActionMask = 2147483647;
			files = (
			);
			runOnlyForDeploymentPostprocessing = 0;
		};
/* End PBXFrameworksBuildPhase section */

/* Begin PBXGroup section */
		2EF816B2F824239CF3D11143 /* Frameworks */ = {
			isa = PBXGroup;
			children = (
				8F80D7A3E6F28D7BEF59C21D /* Pods_OPRequestService.framework */,
				BA920D38B51FA28F881D33AA /* Pods_OrlandoParking.framework */,
				C39A7126456EB5AC213C8B24 /* Pods_OrlandoParkingWatch_Extension.framework */,
				32C6BB56CDC76F243F455CE8 /* Pods_OPRequestService_Watch.framework */,
			);
			name = Frameworks;
			sourceTree = "<group>";
		};
		421BFC381E85DBF50009A5E9 /* OPRequestService */ = {
			isa = PBXGroup;
			children = (
				426CAB931E84206D00D06A13 /* Extensions */,
				426CAB901E84110700D06A13 /* Model */,
				426CAB8E1E840C1700D06A13 /* OPRequestManager.swift */,
				421BFC5D1E85E3950009A5E9 /* Secrets.swift */,
				421BFC391E85DBF50009A5E9 /* OPRequestService.h */,
				421BFC3A1E85DBF50009A5E9 /* Info.plist */,
			);
			path = OPRequestService;
			sourceTree = "<group>";
		};
		426B68991EAA8B2800CE3BE3 /* Extensions */ = {
			isa = PBXGroup;
			children = (
				426B689A1EAA8B4100CE3BE3 /* UITableViewExtension.swift */,
			);
			name = Extensions;
			sourceTree = "<group>";
		};
		426CAB371E83418400D06A13 = {
			isa = PBXGroup;
			children = (
				426CAB421E83418400D06A13 /* OrlandoParking */,
				426CAB6A1E840B1400D06A13 /* OrlandoParkingWatch */,
				426CAB791E840B1400D06A13 /* OrlandoParkingWatch Extension */,
				421BFC381E85DBF50009A5E9 /* OPRequestService */,
				426CAB411E83418400D06A13 /* Products */,
				A575D642AFCA6AD73D6E30FB /* Pods */,
				2EF816B2F824239CF3D11143 /* Frameworks */,
			);
			sourceTree = "<group>";
		};
		426CAB411E83418400D06A13 /* Products */ = {
			isa = PBXGroup;
			children = (
				426CAB401E83418400D06A13 /* OrlandoParking.app */,
				426CAB691E840B1400D06A13 /* OrlandoParkingWatch.app */,
				426CAB751E840B1400D06A13 /* OrlandoParkingWatch Extension.appex */,
				421BFC371E85DBF50009A5E9 /* OPRequestService.framework */,
				421BFC481E85DC170009A5E9 /* OPRequestService.framework */,
			);
			name = Products;
			sourceTree = "<group>";
		};
		426CAB421E83418400D06A13 /* OrlandoParking */ = {
			isa = PBXGroup;
			children = (
				426B68991EAA8B2800CE3BE3 /* Extensions */,
				42FD657E1EA819740084CA4B /* Controllers */,
				42FD657D1EA8196F0084CA4B /* Views */,
				426CAB431E83418400D06A13 /* AppDelegate.swift */,
				426CAB471E83418400D06A13 /* Main.storyboard */,
				426CAB4A1E83418400D06A13 /* Assets.xcassets */,
				426CAB4C1E83418500D06A13 /* LaunchScreen.storyboard */,
				426CAB4F1E83418500D06A13 /* Info.plist */,
			);
			path = OrlandoParking;
			sourceTree = "<group>";
		};
		426CAB6A1E840B1400D06A13 /* OrlandoParkingWatch */ = {
			isa = PBXGroup;
			children = (
				426CAB6B1E840B1400D06A13 /* Interface.storyboard */,
				426CAB6E1E840B1400D06A13 /* Assets.xcassets */,
				426CAB701E840B1400D06A13 /* Info.plist */,
			);
			path = OrlandoParkingWatch;
			sourceTree = "<group>";
		};
		426CAB791E840B1400D06A13 /* OrlandoParkingWatch Extension */ = {
			isa = PBXGroup;
			children = (
				426CAB7A1E840B1400D06A13 /* InterfaceController.swift */,
				426CAB981E8427D900D06A13 /* EventRowController.swift */,
				426CAB7C1E840B1400D06A13 /* ExtensionDelegate.swift */,
				426CAB7E1E840B1400D06A13 /* ComplicationController.swift */,
				426CAB801E840B1400D06A13 /* Assets.xcassets */,
				426CAB821E840B1400D06A13 /* Info.plist */,
			);
			path = "OrlandoParkingWatch Extension";
			sourceTree = "<group>";
		};
		426CAB901E84110700D06A13 /* Model */ = {
			isa = PBXGroup;
			children = (
				426CAB911E84111A00D06A13 /* OPEvent.swift */,
			);
			name = Model;
			sourceTree = "<group>";
		};
		426CAB931E84206D00D06A13 /* Extensions */ = {
			isa = PBXGroup;
			children = (
				426CAB941E84208600D06A13 /* DateExtensions.swift */,
			);
			name = Extensions;
			sourceTree = "<group>";
		};
		42FD657D1EA8196F0084CA4B /* Views */ = {
			isa = PBXGroup;
			children = (
				42FD65811EA81BB70084CA4B /* EventCell.swift */,
				42FD65821EA81BB70084CA4B /* EventCell.xib */,
				426B68951EAA8A6400CE3BE3 /* ReusableView.swift */,
				426B68971EAA8AB500CE3BE3 /* NibLoadableView.swift */,
			);
			name = Views;
			sourceTree = "<group>";
		};
		42FD657E1EA819740084CA4B /* Controllers */ = {
			isa = PBXGroup;
			children = (
				42FD657F1EA8199D0084CA4B /* MainViewController.swift */,
			);
			name = Controllers;
			sourceTree = "<group>";
		};
		A575D642AFCA6AD73D6E30FB /* Pods */ = {
			isa = PBXGroup;
			children = (
				EB38ED26FF71A4BC2DBDAAEB /* Pods-OPRequestService.debug.xcconfig */,
				E18FE24EC3720A748D2775E1 /* Pods-OPRequestService.release.xcconfig */,
				283306A2785DA62EEACF0B6B /* Pods-OrlandoParking.debug.xcconfig */,
				8BD6147DBA4BE6AC4C9B4A03 /* Pods-OrlandoParking.release.xcconfig */,
				2DA013E0CB03A96EEAC5E334 /* Pods-OrlandoParkingWatch Extension.debug.xcconfig */,
				D4F702DDEE18F7D13CC2FA8A /* Pods-OrlandoParkingWatch Extension.release.xcconfig */,
				030D0E6C70E8535044A6210F /* Pods-OPRequestService Watch.debug.xcconfig */,
				BEADB654A25CE7A2B5A0AB16 /* Pods-OPRequestService Watch.release.xcconfig */,
			);
			name = Pods;
			sourceTree = "<group>";
		};
/* End PBXGroup section */

/* Begin PBXHeadersBuildPhase section */
		421BFC341E85DBF50009A5E9 /* Headers */ = {
			isa = PBXHeadersBuildPhase;
			buildActionMask = 2147483647;
			files = (
				421BFC3B1E85DBF50009A5E9 /* OPRequestService.h in Headers */,
			);
			runOnlyForDeploymentPostprocessing = 0;
		};
		421BFC451E85DC170009A5E9 /* Headers */ = {
			isa = PBXHeadersBuildPhase;
			buildActionMask = 2147483647;
			files = (
				421BFC581E85DE540009A5E9 /* OPRequestService.h in Headers */,
			);
			runOnlyForDeploymentPostprocessing = 0;
		};
/* End PBXHeadersBuildPhase section */

/* Begin PBXNativeTarget section */
		421BFC361E85DBF50009A5E9 /* OPRequestService */ = {
			isa = PBXNativeTarget;
			buildConfigurationList = 421BFC401E85DBF50009A5E9 /* Build configuration list for PBXNativeTarget "OPRequestService" */;
			buildPhases = (
				B1F8DEDE2F6D42E89EE9F3E8 /* [CP] Check Pods Manifest.lock */,
				421BFC321E85DBF50009A5E9 /* Sources */,
				421BFC331E85DBF50009A5E9 /* Frameworks */,
				421BFC341E85DBF50009A5E9 /* Headers */,
				421BFC351E85DBF50009A5E9 /* Resources */,
				EAF3B1DD1A201575EF6C7C66 /* [CP] Copy Pods Resources */,
			);
			buildRules = (
			);
			dependencies = (
			);
			name = OPRequestService;
			productName = OPRequestService;
			productReference = 421BFC371E85DBF50009A5E9 /* OPRequestService.framework */;
			productType = "com.apple.product-type.framework";
		};
		421BFC471E85DC170009A5E9 /* OPRequestService Watch */ = {
			isa = PBXNativeTarget;
			buildConfigurationList = 421BFC511E85DC170009A5E9 /* Build configuration list for PBXNativeTarget "OPRequestService Watch" */;
			buildPhases = (
				2CFBD8DD49F427A5B75832CF /* [CP] Check Pods Manifest.lock */,
				421BFC431E85DC170009A5E9 /* Sources */,
				421BFC441E85DC170009A5E9 /* Frameworks */,
				421BFC451E85DC170009A5E9 /* Headers */,
				421BFC461E85DC170009A5E9 /* Resources */,
				F062363AB2779226218E5725 /* [CP] Copy Pods Resources */,
			);
			buildRules = (
			);
			dependencies = (
			);
			name = "OPRequestService Watch";
			productName = "OPRequestService Watch";
			productReference = 421BFC481E85DC170009A5E9 /* OPRequestService.framework */;
			productType = "com.apple.product-type.framework";
		};
		426CAB3F1E83418400D06A13 /* OrlandoParking */ = {
			isa = PBXNativeTarget;
			buildConfigurationList = 426CAB521E83418500D06A13 /* Build configuration list for PBXNativeTarget "OrlandoParking" */;
			buildPhases = (
				905A1204418A07E85D64E07E /* [CP] Check Pods Manifest.lock */,
				426CAB3C1E83418400D06A13 /* Sources */,
				426CAB3D1E83418400D06A13 /* Frameworks */,
				426CAB3E1E83418400D06A13 /* Resources */,
				426CAB661E840ADC00D06A13 /* Embed Frameworks */,
				426CAB8D1E840B1400D06A13 /* Embed Watch Content */,
				83AE38158155578572F0AD3E /* [CP] Embed Pods Frameworks */,
				C18DCE02D1377329BF9EC1A1 /* [CP] Copy Pods Resources */,
			);
			buildRules = (
			);
			dependencies = (
				426CAB841E840B1400D06A13 /* PBXTargetDependency */,
				421BFC3D1E85DBF50009A5E9 /* PBXTargetDependency */,
			);
			name = OrlandoParking;
			productName = OrlandoParking;
			productReference = 426CAB401E83418400D06A13 /* OrlandoParking.app */;
			productType = "com.apple.product-type.application";
		};
		426CAB681E840B1400D06A13 /* OrlandoParkingWatch */ = {
			isa = PBXNativeTarget;
			buildConfigurationList = 426CAB8A1E840B1400D06A13 /* Build configuration list for PBXNativeTarget "OrlandoParkingWatch" */;
			buildPhases = (
				426CAB671E840B1400D06A13 /* Resources */,
				426CAB891E840B1400D06A13 /* Embed App Extensions */,
				9C67C1629087DB6B657C6539 /* Frameworks */,
			);
			buildRules = (
			);
			dependencies = (
				426CAB781E840B1400D06A13 /* PBXTargetDependency */,
			);
			name = OrlandoParkingWatch;
			productName = OrlandoParkingWatch;
			productReference = 426CAB691E840B1400D06A13 /* OrlandoParkingWatch.app */;
			productType = "com.apple.product-type.application.watchapp2";
		};
		426CAB741E840B1400D06A13 /* OrlandoParkingWatch Extension */ = {
			isa = PBXNativeTarget;
			buildConfigurationList = 426CAB861E840B1400D06A13 /* Build configuration list for PBXNativeTarget "OrlandoParkingWatch Extension" */;
			buildPhases = (
				4D33C416B4784723A787DF53 /* [CP] Check Pods Manifest.lock */,
				426CAB711E840B1400D06A13 /* Sources */,
				426CAB721E840B1400D06A13 /* Frameworks */,
				426CAB731E840B1400D06A13 /* Resources */,
				426CABD21E844AE600D06A13 /* Embed Frameworks */,
				6AACA13C92FB58D5ADB05884 /* [CP] Embed Pods Frameworks */,
				F84CD6EC11570423BC6814EC /* [CP] Copy Pods Resources */,
			);
			buildRules = (
			);
			dependencies = (
				421BFC4E1E85DC170009A5E9 /* PBXTargetDependency */,
			);
			name = "OrlandoParkingWatch Extension";
			productName = "OrlandoParkingWatch Extension";
			productReference = 426CAB751E840B1400D06A13 /* OrlandoParkingWatch Extension.appex */;
			productType = "com.apple.product-type.watchkit2-extension";
		};
/* End PBXNativeTarget section */

/* Begin PBXProject section */
		426CAB381E83418400D06A13 /* Project object */ = {
			isa = PBXProject;
			attributes = {
				LastSwiftUpdateCheck = 0820;
				LastUpgradeCheck = 0820;
				ORGANIZATIONNAME = WERUreo;
				TargetAttributes = {
					421BFC361E85DBF50009A5E9 = {
						CreatedOnToolsVersion = 8.2.1;
						ProvisioningStyle = Manual;
					};
					421BFC471E85DC170009A5E9 = {
						CreatedOnToolsVersion = 8.2.1;
						ProvisioningStyle = Manual;
					};
					426CAB3F1E83418400D06A13 = {
						CreatedOnToolsVersion = 8.2.1;
						DevelopmentTeam = 4X359D924E;
						ProvisioningStyle = Automatic;
					};
					426CAB681E840B1400D06A13 = {
						CreatedOnToolsVersion = 8.2.1;
						DevelopmentTeam = 4X359D924E;
						ProvisioningStyle = Automatic;
					};
					426CAB741E840B1400D06A13 = {
						CreatedOnToolsVersion = 8.2.1;
						DevelopmentTeam = 4X359D924E;
						ProvisioningStyle = Automatic;
					};
				};
			};
			buildConfigurationList = 426CAB3B1E83418400D06A13 /* Build configuration list for PBXProject "OrlandoParking" */;
			compatibilityVersion = "Xcode 3.2";
			developmentRegion = English;
			hasScannedForEncodings = 0;
			knownRegions = (
				en,
				Base,
			);
			mainGroup = 426CAB371E83418400D06A13;
			productRefGroup = 426CAB411E83418400D06A13 /* Products */;
			projectDirPath = "";
			projectRoot = "";
			targets = (
				426CAB3F1E83418400D06A13 /* OrlandoParking */,
				426CAB681E840B1400D06A13 /* OrlandoParkingWatch */,
				426CAB741E840B1400D06A13 /* OrlandoParkingWatch Extension */,
				421BFC361E85DBF50009A5E9 /* OPRequestService */,
				421BFC471E85DC170009A5E9 /* OPRequestService Watch */,
			);
		};
/* End PBXProject section */

/* Begin PBXResourcesBuildPhase section */
		421BFC351E85DBF50009A5E9 /* Resources */ = {
			isa = PBXResourcesBuildPhase;
			buildActionMask = 2147483647;
			files = (
			);
			runOnlyForDeploymentPostprocessing = 0;
		};
		421BFC461E85DC170009A5E9 /* Resources */ = {
			isa = PBXResourcesBuildPhase;
			buildActionMask = 2147483647;
			files = (
			);
			runOnlyForDeploymentPostprocessing = 0;
		};
		426CAB3E1E83418400D06A13 /* Resources */ = {
			isa = PBXResourcesBuildPhase;
			buildActionMask = 2147483647;
			files = (
				42FD65841EA81BB70084CA4B /* EventCell.xib in Resources */,
				426CAB4E1E83418500D06A13 /* LaunchScreen.storyboard in Resources */,
				426CAB4B1E83418400D06A13 /* Assets.xcassets in Resources */,
				426CAB491E83418400D06A13 /* Main.storyboard in Resources */,
			);
			runOnlyForDeploymentPostprocessing = 0;
		};
		426CAB671E840B1400D06A13 /* Resources */ = {
			isa = PBXResourcesBuildPhase;
			buildActionMask = 2147483647;
			files = (
				426CAB6F1E840B1400D06A13 /* Assets.xcassets in Resources */,
				426CAB6D1E840B1400D06A13 /* Interface.storyboard in Resources */,
			);
			runOnlyForDeploymentPostprocessing = 0;
		};
		426CAB731E840B1400D06A13 /* Resources */ = {
			isa = PBXResourcesBuildPhase;
			buildActionMask = 2147483647;
			files = (
				426CAB811E840B1400D06A13 /* Assets.xcassets in Resources */,
			);
			runOnlyForDeploymentPostprocessing = 0;
		};
/* End PBXResourcesBuildPhase section */

/* Begin PBXShellScriptBuildPhase section */
		2CFBD8DD49F427A5B75832CF /* [CP] Check Pods Manifest.lock */ = {
			isa = PBXShellScriptBuildPhase;
			buildActionMask = 2147483647;
			files = (
			);
			inputPaths = (
			);
			name = "[CP] Check Pods Manifest.lock";
			outputPaths = (
			);
			runOnlyForDeploymentPostprocessing = 0;
			shellPath = /bin/sh;
			shellScript = "diff \"${PODS_ROOT}/../Podfile.lock\" \"${PODS_ROOT}/Manifest.lock\" > /dev/null\nif [ $? != 0 ] ; then\n    # print error to STDERR\n    echo \"error: The sandbox is not in sync with the Podfile.lock. Run 'pod install' or update your CocoaPods installation.\" >&2\n    exit 1\nfi\n";
			showEnvVarsInLog = 0;
		};
		4D33C416B4784723A787DF53 /* [CP] Check Pods Manifest.lock */ = {
			isa = PBXShellScriptBuildPhase;
			buildActionMask = 2147483647;
			files = (
			);
			inputPaths = (
			);
			name = "[CP] Check Pods Manifest.lock";
			outputPaths = (
			);
			runOnlyForDeploymentPostprocessing = 0;
			shellPath = /bin/sh;
			shellScript = "diff \"${PODS_ROOT}/../Podfile.lock\" \"${PODS_ROOT}/Manifest.lock\" > /dev/null\nif [ $? != 0 ] ; then\n    # print error to STDERR\n    echo \"error: The sandbox is not in sync with the Podfile.lock. Run 'pod install' or update your CocoaPods installation.\" >&2\n    exit 1\nfi\n";
			showEnvVarsInLog = 0;
		};
		6AACA13C92FB58D5ADB05884 /* [CP] Embed Pods Frameworks */ = {
			isa = PBXShellScriptBuildPhase;
			buildActionMask = 2147483647;
			files = (
			);
			inputPaths = (
			);
			name = "[CP] Embed Pods Frameworks";
			outputPaths = (
			);
			runOnlyForDeploymentPostprocessing = 0;
			shellPath = /bin/sh;
			shellScript = "\"${SRCROOT}/Pods/Target Support Files/Pods-OrlandoParkingWatch Extension/Pods-OrlandoParkingWatch Extension-frameworks.sh\"\n";
			showEnvVarsInLog = 0;
		};
		83AE38158155578572F0AD3E /* [CP] Embed Pods Frameworks */ = {
			isa = PBXShellScriptBuildPhase;
			buildActionMask = 2147483647;
			files = (
			);
			inputPaths = (
			);
			name = "[CP] Embed Pods Frameworks";
			outputPaths = (
			);
			runOnlyForDeploymentPostprocessing = 0;
			shellPath = /bin/sh;
			shellScript = "\"${SRCROOT}/Pods/Target Support Files/Pods-OrlandoParking/Pods-OrlandoParking-frameworks.sh\"\n";
			showEnvVarsInLog = 0;
		};
		905A1204418A07E85D64E07E /* [CP] Check Pods Manifest.lock */ = {
			isa = PBXShellScriptBuildPhase;
			buildActionMask = 2147483647;
			files = (
			);
			inputPaths = (
			);
			name = "[CP] Check Pods Manifest.lock";
			outputPaths = (
			);
			runOnlyForDeploymentPostprocessing = 0;
			shellPath = /bin/sh;
			shellScript = "diff \"${PODS_ROOT}/../Podfile.lock\" \"${PODS_ROOT}/Manifest.lock\" > /dev/null\nif [ $? != 0 ] ; then\n    # print error to STDERR\n    echo \"error: The sandbox is not in sync with the Podfile.lock. Run 'pod install' or update your CocoaPods installation.\" >&2\n    exit 1\nfi\n";
			showEnvVarsInLog = 0;
		};
		B1F8DEDE2F6D42E89EE9F3E8 /* [CP] Check Pods Manifest.lock */ = {
			isa = PBXShellScriptBuildPhase;
			buildActionMask = 2147483647;
			files = (
			);
			inputPaths = (
			);
			name = "[CP] Check Pods Manifest.lock";
			outputPaths = (
			);
			runOnlyForDeploymentPostprocessing = 0;
			shellPath = /bin/sh;
			shellScript = "diff \"${PODS_ROOT}/../Podfile.lock\" \"${PODS_ROOT}/Manifest.lock\" > /dev/null\nif [ $? != 0 ] ; then\n    # print error to STDERR\n    echo \"error: The sandbox is not in sync with the Podfile.lock. Run 'pod install' or update your CocoaPods installation.\" >&2\n    exit 1\nfi\n";
			showEnvVarsInLog = 0;
		};
		C18DCE02D1377329BF9EC1A1 /* [CP] Copy Pods Resources */ = {
			isa = PBXShellScriptBuildPhase;
			buildActionMask = 2147483647;
			files = (
			);
			inputPaths = (
			);
			name = "[CP] Copy Pods Resources";
			outputPaths = (
			);
			runOnlyForDeploymentPostprocessing = 0;
			shellPath = /bin/sh;
			shellScript = "\"${SRCROOT}/Pods/Target Support Files/Pods-OrlandoParking/Pods-OrlandoParking-resources.sh\"\n";
			showEnvVarsInLog = 0;
		};
		EAF3B1DD1A201575EF6C7C66 /* [CP] Copy Pods Resources */ = {
			isa = PBXShellScriptBuildPhase;
			buildActionMask = 2147483647;
			files = (
			);
			inputPaths = (
			);
			name = "[CP] Copy Pods Resources";
			outputPaths = (
			);
			runOnlyForDeploymentPostprocessing = 0;
			shellPath = /bin/sh;
			shellScript = "\"${SRCROOT}/Pods/Target Support Files/Pods-OPRequestService/Pods-OPRequestService-resources.sh\"\n";
			showEnvVarsInLog = 0;
		};
		F062363AB2779226218E5725 /* [CP] Copy Pods Resources */ = {
			isa = PBXShellScriptBuildPhase;
			buildActionMask = 2147483647;
			files = (
			);
			inputPaths = (
			);
			name = "[CP] Copy Pods Resources";
			outputPaths = (
			);
			runOnlyForDeploymentPostprocessing = 0;
			shellPath = /bin/sh;
			shellScript = "\"${SRCROOT}/Pods/Target Support Files/Pods-OPRequestService Watch/Pods-OPRequestService Watch-resources.sh\"\n";
			showEnvVarsInLog = 0;
		};
		F84CD6EC11570423BC6814EC /* [CP] Copy Pods Resources */ = {
			isa = PBXShellScriptBuildPhase;
			buildActionMask = 2147483647;
			files = (
			);
			inputPaths = (
			);
			name = "[CP] Copy Pods Resources";
			outputPaths = (
			);
			runOnlyForDeploymentPostprocessing = 0;
			shellPath = /bin/sh;
			shellScript = "\"${SRCROOT}/Pods/Target Support Files/Pods-OrlandoParkingWatch Extension/Pods-OrlandoParkingWatch Extension-resources.sh\"\n";
			showEnvVarsInLog = 0;
		};
/* End PBXShellScriptBuildPhase section */

/* Begin PBXSourcesBuildPhase section */
		421BFC321E85DBF50009A5E9 /* Sources */ = {
			isa = PBXSourcesBuildPhase;
			buildActionMask = 2147483647;
			files = (
				421BFC551E85DCB30009A5E9 /* OPRequestManager.swift in Sources */,
				421BFC5E1E85E3950009A5E9 /* Secrets.swift in Sources */,
				421BFC561E85DCB90009A5E9 /* OPEvent.swift in Sources */,
				421BFC591E85E1DD0009A5E9 /* DateExtensions.swift in Sources */,
			);
			runOnlyForDeploymentPostprocessing = 0;
		};
		421BFC431E85DC170009A5E9 /* Sources */ = {
			isa = PBXSourcesBuildPhase;
			buildActionMask = 2147483647;
			files = (
				421BFC541E85DCB20009A5E9 /* OPRequestManager.swift in Sources */,
				421BFC5F1E85E3950009A5E9 /* Secrets.swift in Sources */,
				421BFC571E85DCB90009A5E9 /* OPEvent.swift in Sources */,
				421BFC5A1E85E1DD0009A5E9 /* DateExtensions.swift in Sources */,
			);
			runOnlyForDeploymentPostprocessing = 0;
		};
		426CAB3C1E83418400D06A13 /* Sources */ = {
			isa = PBXSourcesBuildPhase;
			buildActionMask = 2147483647;
			files = (
				426CAB441E83418400D06A13 /* AppDelegate.swift in Sources */,
				426B68981EAA8AB500CE3BE3 /* NibLoadableView.swift in Sources */,
				42FD65831EA81BB70084CA4B /* EventCell.swift in Sources */,
				426B689B1EAA8B4100CE3BE3 /* UITableViewExtension.swift in Sources */,
				42FD65801EA8199D0084CA4B /* MainViewController.swift in Sources */,
				426B68961EAA8A6400CE3BE3 /* ReusableView.swift in Sources */,
			);
			runOnlyForDeploymentPostprocessing = 0;
		};
		426CAB711E840B1400D06A13 /* Sources */ = {
			isa = PBXSourcesBuildPhase;
			buildActionMask = 2147483647;
			files = (
				426CAB7D1E840B1400D06A13 /* ExtensionDelegate.swift in Sources */,
				426CAB991E8427D900D06A13 /* EventRowController.swift in Sources */,
				426CAB7B1E840B1400D06A13 /* InterfaceController.swift in Sources */,
				426CAB7F1E840B1400D06A13 /* ComplicationController.swift in Sources */,
			);
			runOnlyForDeploymentPostprocessing = 0;
		};
/* End PBXSourcesBuildPhase section */

/* Begin PBXTargetDependency section */
		421BFC3D1E85DBF50009A5E9 /* PBXTargetDependency */ = {
			isa = PBXTargetDependency;
			target = 421BFC361E85DBF50009A5E9 /* OPRequestService */;
			targetProxy = 421BFC3C1E85DBF50009A5E9 /* PBXContainerItemProxy */;
		};
		421BFC4E1E85DC170009A5E9 /* PBXTargetDependency */ = {
			isa = PBXTargetDependency;
			target = 421BFC471E85DC170009A5E9 /* OPRequestService Watch */;
			targetProxy = 421BFC4D1E85DC170009A5E9 /* PBXContainerItemProxy */;
		};
		426CAB781E840B1400D06A13 /* PBXTargetDependency */ = {
			isa = PBXTargetDependency;
			target = 426CAB741E840B1400D06A13 /* OrlandoParkingWatch Extension */;
			targetProxy = 426CAB771E840B1400D06A13 /* PBXContainerItemProxy */;
		};
		426CAB841E840B1400D06A13 /* PBXTargetDependency */ = {
			isa = PBXTargetDependency;
			target = 426CAB681E840B1400D06A13 /* OrlandoParkingWatch */;
			targetProxy = 426CAB831E840B1400D06A13 /* PBXContainerItemProxy */;
		};
/* End PBXTargetDependency section */

/* Begin PBXVariantGroup section */
		426CAB471E83418400D06A13 /* Main.storyboard */ = {
			isa = PBXVariantGroup;
			children = (
				426CAB481E83418400D06A13 /* Base */,
			);
			name = Main.storyboard;
			sourceTree = "<group>";
		};
		426CAB4C1E83418500D06A13 /* LaunchScreen.storyboard */ = {
			isa = PBXVariantGroup;
			children = (
				426CAB4D1E83418500D06A13 /* Base */,
			);
			name = LaunchScreen.storyboard;
			sourceTree = "<group>";
		};
		426CAB6B1E840B1400D06A13 /* Interface.storyboard */ = {
			isa = PBXVariantGroup;
			children = (
				426CAB6C1E840B1400D06A13 /* Base */,
			);
			name = Interface.storyboard;
			sourceTree = "<group>";
		};
/* End PBXVariantGroup section */

/* Begin XCBuildConfiguration section */
		421BFC411E85DBF50009A5E9 /* Debug */ = {
			isa = XCBuildConfiguration;
			baseConfigurationReference = EB38ED26FF71A4BC2DBDAAEB /* Pods-OPRequestService.debug.xcconfig */;
			buildSettings = {
				APPLICATION_EXTENSION_API_ONLY = YES;
				CODE_SIGN_IDENTITY = "";
				CURRENT_PROJECT_VERSION = 1;
				DEFINES_MODULE = YES;
				DEVELOPMENT_TEAM = "";
				DYLIB_COMPATIBILITY_VERSION = 1;
				DYLIB_CURRENT_VERSION = 1;
				DYLIB_INSTALL_NAME_BASE = "@rpath";
				INFOPLIST_FILE = OPRequestService/Info.plist;
				INSTALL_PATH = "$(LOCAL_LIBRARY_DIR)/Frameworks";
				LD_RUNPATH_SEARCH_PATHS = "$(inherited) @executable_path/Frameworks @loader_path/Frameworks";
				PRODUCT_BUNDLE_IDENTIFIER = com.werureo.OPRequestService;
				PRODUCT_NAME = "$(TARGET_NAME)";
				SKIP_INSTALL = YES;
				SWIFT_VERSION = 3.0;
				TARGETED_DEVICE_FAMILY = "1,2";
				VERSIONING_SYSTEM = "apple-generic";
				VERSION_INFO_PREFIX = "";
			};
			name = Debug;
		};
		421BFC421E85DBF50009A5E9 /* Release */ = {
			isa = XCBuildConfiguration;
			baseConfigurationReference = E18FE24EC3720A748D2775E1 /* Pods-OPRequestService.release.xcconfig */;
			buildSettings = {
				APPLICATION_EXTENSION_API_ONLY = YES;
				CODE_SIGN_IDENTITY = "";
				CURRENT_PROJECT_VERSION = 1;
				DEFINES_MODULE = YES;
				DEVELOPMENT_TEAM = "";
				DYLIB_COMPATIBILITY_VERSION = 1;
				DYLIB_CURRENT_VERSION = 1;
				DYLIB_INSTALL_NAME_BASE = "@rpath";
				INFOPLIST_FILE = OPRequestService/Info.plist;
				INSTALL_PATH = "$(LOCAL_LIBRARY_DIR)/Frameworks";
				LD_RUNPATH_SEARCH_PATHS = "$(inherited) @executable_path/Frameworks @loader_path/Frameworks";
				PRODUCT_BUNDLE_IDENTIFIER = com.werureo.OPRequestService;
				PRODUCT_NAME = "$(TARGET_NAME)";
				SKIP_INSTALL = YES;
				SWIFT_VERSION = 3.0;
				TARGETED_DEVICE_FAMILY = "1,2";
				VERSIONING_SYSTEM = "apple-generic";
				VERSION_INFO_PREFIX = "";
			};
			name = Release;
		};
		421BFC521E85DC170009A5E9 /* Debug */ = {
			isa = XCBuildConfiguration;
			baseConfigurationReference = 030D0E6C70E8535044A6210F /* Pods-OPRequestService Watch.debug.xcconfig */;
			buildSettings = {
				APPLICATION_EXTENSION_API_ONLY = YES;
				CODE_SIGN_IDENTITY = "";
				CURRENT_PROJECT_VERSION = 1;
				DEFINES_MODULE = YES;
				DEVELOPMENT_TEAM = "";
				DYLIB_COMPATIBILITY_VERSION = 1;
				DYLIB_CURRENT_VERSION = 1;
				DYLIB_INSTALL_NAME_BASE = "@rpath";
				INFOPLIST_FILE = OPRequestService/Info.plist;
				INSTALL_PATH = "$(LOCAL_LIBRARY_DIR)/Frameworks";
				LD_RUNPATH_SEARCH_PATHS = "$(inherited) @executable_path/Frameworks @loader_path/Frameworks";
				PRODUCT_BUNDLE_IDENTIFIER = com.werureo.OPRequestService;
				PRODUCT_NAME = OPRequestService;
				SDKROOT = watchos;
				SKIP_INSTALL = YES;
				SWIFT_VERSION = 3.0;
				TARGETED_DEVICE_FAMILY = 4;
				VERSIONING_SYSTEM = "apple-generic";
				VERSION_INFO_PREFIX = "";
				WATCHOS_DEPLOYMENT_TARGET = 3.0;
			};
			name = Debug;
		};
		421BFC531E85DC170009A5E9 /* Release */ = {
			isa = XCBuildConfiguration;
			baseConfigurationReference = BEADB654A25CE7A2B5A0AB16 /* Pods-OPRequestService Watch.release.xcconfig */;
			buildSettings = {
				APPLICATION_EXTENSION_API_ONLY = YES;
				CODE_SIGN_IDENTITY = "";
				CURRENT_PROJECT_VERSION = 1;
				DEFINES_MODULE = YES;
				DEVELOPMENT_TEAM = "";
				DYLIB_COMPATIBILITY_VERSION = 1;
				DYLIB_CURRENT_VERSION = 1;
				DYLIB_INSTALL_NAME_BASE = "@rpath";
				INFOPLIST_FILE = OPRequestService/Info.plist;
				INSTALL_PATH = "$(LOCAL_LIBRARY_DIR)/Frameworks";
				LD_RUNPATH_SEARCH_PATHS = "$(inherited) @executable_path/Frameworks @loader_path/Frameworks";
				PRODUCT_BUNDLE_IDENTIFIER = com.werureo.OPRequestService;
				PRODUCT_NAME = OPRequestService;
				SDKROOT = watchos;
				SKIP_INSTALL = YES;
				SWIFT_VERSION = 3.0;
				TARGETED_DEVICE_FAMILY = 4;
				VERSIONING_SYSTEM = "apple-generic";
				VERSION_INFO_PREFIX = "";
				WATCHOS_DEPLOYMENT_TARGET = 3.0;
			};
			name = Release;
		};
		426CAB501E83418500D06A13 /* Debug */ = {
			isa = XCBuildConfiguration;
			buildSettings = {
				ALWAYS_SEARCH_USER_PATHS = NO;
				CLANG_ANALYZER_NONNULL = YES;
				CLANG_CXX_LANGUAGE_STANDARD = "gnu++0x";
				CLANG_CXX_LIBRARY = "libc++";
				CLANG_ENABLE_MODULES = YES;
				CLANG_ENABLE_OBJC_ARC = YES;
				CLANG_WARN_BOOL_CONVERSION = YES;
				CLANG_WARN_CONSTANT_CONVERSION = YES;
				CLANG_WARN_DIRECT_OBJC_ISA_USAGE = YES_ERROR;
				CLANG_WARN_DOCUMENTATION_COMMENTS = YES;
				CLANG_WARN_EMPTY_BODY = YES;
				CLANG_WARN_ENUM_CONVERSION = YES;
				CLANG_WARN_INFINITE_RECURSION = YES;
				CLANG_WARN_INT_CONVERSION = YES;
				CLANG_WARN_OBJC_ROOT_CLASS = YES_ERROR;
				CLANG_WARN_SUSPICIOUS_MOVE = YES;
				CLANG_WARN_UNREACHABLE_CODE = YES;
				CLANG_WARN__DUPLICATE_METHOD_MATCH = YES;
				"CODE_SIGN_IDENTITY[sdk=iphoneos*]" = "iPhone Developer";
				COPY_PHASE_STRIP = NO;
				DEBUG_INFORMATION_FORMAT = dwarf;
				ENABLE_STRICT_OBJC_MSGSEND = YES;
				ENABLE_TESTABILITY = YES;
				GCC_C_LANGUAGE_STANDARD = gnu99;
				GCC_DYNAMIC_NO_PIC = NO;
				GCC_NO_COMMON_BLOCKS = YES;
				GCC_OPTIMIZATION_LEVEL = 0;
				GCC_PREPROCESSOR_DEFINITIONS = (
					"DEBUG=1",
					"$(inherited)",
				);
				GCC_WARN_64_TO_32_BIT_CONVERSION = YES;
				GCC_WARN_ABOUT_RETURN_TYPE = YES_ERROR;
				GCC_WARN_UNDECLARED_SELECTOR = YES;
				GCC_WARN_UNINITIALIZED_AUTOS = YES_AGGRESSIVE;
				GCC_WARN_UNUSED_FUNCTION = YES;
				GCC_WARN_UNUSED_VARIABLE = YES;
				IPHONEOS_DEPLOYMENT_TARGET = 10.2;
				MTL_ENABLE_DEBUG_INFO = YES;
				ONLY_ACTIVE_ARCH = YES;
				SDKROOT = iphoneos;
				SWIFT_ACTIVE_COMPILATION_CONDITIONS = DEBUG;
				SWIFT_OPTIMIZATION_LEVEL = "-Onone";
			};
			name = Debug;
		};
		426CAB511E83418500D06A13 /* Release */ = {
			isa = XCBuildConfiguration;
			buildSettings = {
				ALWAYS_SEARCH_USER_PATHS = NO;
				CLANG_ANALYZER_NONNULL = YES;
				CLANG_CXX_LANGUAGE_STANDARD = "gnu++0x";
				CLANG_CXX_LIBRARY = "libc++";
				CLANG_ENABLE_MODULES = YES;
				CLANG_ENABLE_OBJC_ARC = YES;
				CLANG_WARN_BOOL_CONVERSION = YES;
				CLANG_WARN_CONSTANT_CONVERSION = YES;
				CLANG_WARN_DIRECT_OBJC_ISA_USAGE = YES_ERROR;
				CLANG_WARN_DOCUMENTATION_COMMENTS = YES;
				CLANG_WARN_EMPTY_BODY = YES;
				CLANG_WARN_ENUM_CONVERSION = YES;
				CLANG_WARN_INFINITE_RECURSION = YES;
				CLANG_WARN_INT_CONVERSION = YES;
				CLANG_WARN_OBJC_ROOT_CLASS = YES_ERROR;
				CLANG_WARN_SUSPICIOUS_MOVE = YES;
				CLANG_WARN_UNREACHABLE_CODE = YES;
				CLANG_WARN__DUPLICATE_METHOD_MATCH = YES;
				"CODE_SIGN_IDENTITY[sdk=iphoneos*]" = "iPhone Developer";
				COPY_PHASE_STRIP = NO;
				DEBUG_INFORMATION_FORMAT = "dwarf-with-dsym";
				ENABLE_NS_ASSERTIONS = NO;
				ENABLE_STRICT_OBJC_MSGSEND = YES;
				GCC_C_LANGUAGE_STANDARD = gnu99;
				GCC_NO_COMMON_BLOCKS = YES;
				GCC_WARN_64_TO_32_BIT_CONVERSION = YES;
				GCC_WARN_ABOUT_RETURN_TYPE = YES_ERROR;
				GCC_WARN_UNDECLARED_SELECTOR = YES;
				GCC_WARN_UNINITIALIZED_AUTOS = YES_AGGRESSIVE;
				GCC_WARN_UNUSED_FUNCTION = YES;
				GCC_WARN_UNUSED_VARIABLE = YES;
				IPHONEOS_DEPLOYMENT_TARGET = 10.2;
				MTL_ENABLE_DEBUG_INFO = NO;
				SDKROOT = iphoneos;
				SWIFT_OPTIMIZATION_LEVEL = "-Owholemodule";
				VALIDATE_PRODUCT = YES;
			};
			name = Release;
		};
		426CAB531E83418500D06A13 /* Debug */ = {
			isa = XCBuildConfiguration;
			baseConfigurationReference = 283306A2785DA62EEACF0B6B /* Pods-OrlandoParking.debug.xcconfig */;
			buildSettings = {
				ALWAYS_EMBED_SWIFT_STANDARD_LIBRARIES = "$(inherited)";
				ASSETCATALOG_COMPILER_APPICON_NAME = AppIcon;
				DEVELOPMENT_TEAM = 4X359D924E;
				INFOPLIST_FILE = OrlandoParking/Info.plist;
				LD_RUNPATH_SEARCH_PATHS = "$(inherited) @executable_path/Frameworks";
				PRODUCT_BUNDLE_IDENTIFIER = com.werureo.OrlandoParking;
				PRODUCT_NAME = "$(TARGET_NAME)";
				SWIFT_VERSION = 3.0;
			};
			name = Debug;
		};
		426CAB541E83418500D06A13 /* Release */ = {
			isa = XCBuildConfiguration;
			baseConfigurationReference = 8BD6147DBA4BE6AC4C9B4A03 /* Pods-OrlandoParking.release.xcconfig */;
			buildSettings = {
				ALWAYS_EMBED_SWIFT_STANDARD_LIBRARIES = "$(inherited)";
				ASSETCATALOG_COMPILER_APPICON_NAME = AppIcon;
				DEVELOPMENT_TEAM = 4X359D924E;
				INFOPLIST_FILE = OrlandoParking/Info.plist;
				LD_RUNPATH_SEARCH_PATHS = "$(inherited) @executable_path/Frameworks";
				PRODUCT_BUNDLE_IDENTIFIER = com.werureo.OrlandoParking;
				PRODUCT_NAME = "$(TARGET_NAME)";
				SWIFT_VERSION = 3.0;
			};
			name = Release;
		};
		426CAB871E840B1400D06A13 /* Debug */ = {
			isa = XCBuildConfiguration;
			baseConfigurationReference = 2DA013E0CB03A96EEAC5E334 /* Pods-OrlandoParkingWatch Extension.debug.xcconfig */;
			buildSettings = {
				ASSETCATALOG_COMPILER_COMPLICATION_NAME = Complication;
				DEVELOPMENT_TEAM = 4X359D924E;
				INFOPLIST_FILE = "OrlandoParkingWatch Extension/Info.plist";
				LD_RUNPATH_SEARCH_PATHS = "$(inherited) @executable_path/Frameworks @executable_path/../../Frameworks";
				PRODUCT_BUNDLE_IDENTIFIER = com.werureo.OrlandoParking.watchkitapp.watchkitextension;
				PRODUCT_NAME = "${TARGET_NAME}";
				SDKROOT = watchos;
				SKIP_INSTALL = YES;
				SWIFT_VERSION = 3.0;
				TARGETED_DEVICE_FAMILY = 4;
				WATCHOS_DEPLOYMENT_TARGET = 3.0;
			};
			name = Debug;
		};
		426CAB881E840B1400D06A13 /* Release */ = {
			isa = XCBuildConfiguration;
			baseConfigurationReference = D4F702DDEE18F7D13CC2FA8A /* Pods-OrlandoParkingWatch Extension.release.xcconfig */;
			buildSettings = {
				ASSETCATALOG_COMPILER_COMPLICATION_NAME = Complication;
				DEVELOPMENT_TEAM = 4X359D924E;
				INFOPLIST_FILE = "OrlandoParkingWatch Extension/Info.plist";
				LD_RUNPATH_SEARCH_PATHS = "$(inherited) @executable_path/Frameworks @executable_path/../../Frameworks";
				PRODUCT_BUNDLE_IDENTIFIER = com.werureo.OrlandoParking.watchkitapp.watchkitextension;
				PRODUCT_NAME = "${TARGET_NAME}";
				SDKROOT = watchos;
				SKIP_INSTALL = YES;
				SWIFT_VERSION = 3.0;
				TARGETED_DEVICE_FAMILY = 4;
				WATCHOS_DEPLOYMENT_TARGET = 3.0;
			};
			name = Release;
		};
		426CAB8B1E840B1400D06A13 /* Debug */ = {
			isa = XCBuildConfiguration;
			buildSettings = {
				ALWAYS_EMBED_SWIFT_STANDARD_LIBRARIES = YES;
				ASSETCATALOG_COMPILER_APPICON_NAME = AppIcon;
				DEVELOPMENT_TEAM = 4X359D924E;
				IBSC_MODULE = OrlandoParkingWatch_Extension;
				INFOPLIST_FILE = OrlandoParkingWatch/Info.plist;
				PRODUCT_BUNDLE_IDENTIFIER = com.werureo.OrlandoParking.watchkitapp;
				PRODUCT_NAME = "$(TARGET_NAME)";
				SDKROOT = watchos;
				SKIP_INSTALL = YES;
				SWIFT_VERSION = 3.0;
				TARGETED_DEVICE_FAMILY = 4;
				WATCHOS_DEPLOYMENT_TARGET = 3.0;
			};
			name = Debug;
		};
		426CAB8C1E840B1400D06A13 /* Release */ = {
			isa = XCBuildConfiguration;
			buildSettings = {
				ALWAYS_EMBED_SWIFT_STANDARD_LIBRARIES = YES;
				ASSETCATALOG_COMPILER_APPICON_NAME = AppIcon;
				DEVELOPMENT_TEAM = 4X359D924E;
				IBSC_MODULE = OrlandoParkingWatch_Extension;
				INFOPLIST_FILE = OrlandoParkingWatch/Info.plist;
				PRODUCT_BUNDLE_IDENTIFIER = com.werureo.OrlandoParking.watchkitapp;
				PRODUCT_NAME = "$(TARGET_NAME)";
				SDKROOT = watchos;
				SKIP_INSTALL = YES;
				SWIFT_VERSION = 3.0;
				TARGETED_DEVICE_FAMILY = 4;
				WATCHOS_DEPLOYMENT_TARGET = 3.0;
			};
			name = Release;
		};
/* End XCBuildConfiguration section */

/* Begin XCConfigurationList section */
		421BFC401E85DBF50009A5E9 /* Build configuration list for PBXNativeTarget "OPRequestService" */ = {
			isa = XCConfigurationList;
			buildConfigurations = (
				421BFC411E85DBF50009A5E9 /* Debug */,
				421BFC421E85DBF50009A5E9 /* Release */,
			);
			defaultConfigurationIsVisible = 0;
			defaultConfigurationName = Release;
		};
		421BFC511E85DC170009A5E9 /* Build configuration list for PBXNativeTarget "OPRequestService Watch" */ = {
			isa = XCConfigurationList;
			buildConfigurations = (
				421BFC521E85DC170009A5E9 /* Debug */,
				421BFC531E85DC170009A5E9 /* Release */,
			);
			defaultConfigurationIsVisible = 0;
			defaultConfigurationName = Release;
		};
		426CAB3B1E83418400D06A13 /* Build configuration list for PBXProject "OrlandoParking" */ = {
			isa = XCConfigurationList;
			buildConfigurations = (
				426CAB501E83418500D06A13 /* Debug */,
				426CAB511E83418500D06A13 /* Release */,
			);
			defaultConfigurationIsVisible = 0;
			defaultConfigurationName = Release;
		};
		426CAB521E83418500D06A13 /* Build configuration list for PBXNativeTarget "OrlandoParking" */ = {
			isa = XCConfigurationList;
			buildConfigurations = (
				426CAB531E83418500D06A13 /* Debug */,
				426CAB541E83418500D06A13 /* Release */,
			);
			defaultConfigurationIsVisible = 0;
			defaultConfigurationName = Release;
		};
		426CAB861E840B1400D06A13 /* Build configuration list for PBXNativeTarget "OrlandoParkingWatch Extension" */ = {
			isa = XCConfigurationList;
			buildConfigurations = (
				426CAB871E840B1400D06A13 /* Debug */,
				426CAB881E840B1400D06A13 /* Release */,
			);
			defaultConfigurationIsVisible = 0;
			defaultConfigurationName = Release;
		};
		426CAB8A1E840B1400D06A13 /* Build configuration list for PBXNativeTarget "OrlandoParkingWatch" */ = {
			isa = XCConfigurationList;
			buildConfigurations = (
				426CAB8B1E840B1400D06A13 /* Debug */,
				426CAB8C1E840B1400D06A13 /* Release */,
			);
			defaultConfigurationIsVisible = 0;
			defaultConfigurationName = Release;
		};
/* End XCConfigurationList section */
	};
	rootObject = 426CAB381E83418400D06A13 /* Project object */;
}
